
Microsoft Visual Studio Solution File, Format Version 12.00
# Visual Studio Version 17
VisualStudioVersion = 17.1.32319.34
MinimumVisualStudioVersion = 10.0.40219.1
Project("{FAE04EC0-301F-11D3-BF4B-00C04F79EFBC}") = "WPF_PPT", "WPF_PPT\WPF_PPT.csproj", "{0AAF77F2-139D-4ED6-9BE3-EBD6B4337557}"
EndProject
Global
	GlobalSection(SolutionConfigurationPlatforms) = preSolution
		Debug|Any CPU = Debug|Any CPU
		Release|Any CPU = Release|Any CPU
	EndGlobalSection
	GlobalSection(ProjectConfigurationPlatforms) = postSolution
		{0AAF77F2-139D-4ED6-9BE3-EBD6B4337557}.Debug|Any CPU.ActiveCfg = Debug|Any CPU
		{0AAF77F2-139D-4ED6-9BE3-EBD6B4337557}.Debug|Any CPU.Build.0 = Debug|Any CPU
		{0AAF77F2-139D-4ED6-9BE3-EBD6B4337557}.Release|Any CPU.ActiveCfg = Release|Any CPU
		{0AAF77F2-139D-4ED6-9BE3-EBD6B4337557}.Release|Any CPU.Build.0 = Release|Any CPU
	EndGlobalSection
	GlobalSection(SolutionProperties) = preSolution
		HideSolutionNode = FALSE
	EndGlobalSection
	GlobalSection(ExtensibilityGlobals) = postSolution
		SolutionGuid = {A75E1277-778F-4D9F-B03D-0E46B58494D8}
	EndGlobalSection
EndGlobal
